
Microsoft Visual Studio Solution File, Format Version 12.00
# Visual Studio 15
VisualStudioVersion = 15.0.28010.2046
MinimumVisualStudioVersion = 10.0.40219.1
Project("{FAE04EC0-301F-11D3-BF4B-00C04F79EFBC}") = "COMP123-S2019-LESSON9A", "COMP123-S2019-LESSON9A\COMP123-S2019-LESSON9A.csproj", "{46EAB90B-7756-4F6A-9F9C-254482CDDEFC}"
EndProject
Global
	GlobalSection(SolutionConfigurationPlatforms) = preSolution
		Debug|Any CPU = Debug|Any CPU
		Release|Any CPU = Release|Any CPU
	EndGlobalSection
	GlobalSection(ProjectConfigurationPlatforms) = postSolution
		{46EAB90B-7756-4F6A-9F9C-254482CDDEFC}.Debug|Any CPU.ActiveCfg = Debug|Any CPU
		{46EAB90B-7756-4F6A-9F9C-254482CDDEFC}.Debug|Any CPU.Build.0 = Debug|Any CPU
		{46EAB90B-7756-4F6A-9F9C-254482CDDEFC}.Release|Any CPU.ActiveCfg = Release|Any CPU
		{46EAB90B-7756-4F6A-9F9C-254482CDDEFC}.Release|Any CPU.Build.0 = Release|Any CPU
	EndGlobalSection
	GlobalSection(SolutionProperties) = preSolution
		HideSolutionNode = FALSE
	EndGlobalSection
	GlobalSection(ExtensibilityGlobals) = postSolution
		SolutionGuid = {FCF2B774-E590-48D7-8F6E-369A8475EB61}
	EndGlobalSection
EndGlobal
